
Microsoft Visual Studio Solution File, Format Version 12.00
# Visual Studio Version 16
VisualStudioVersion = 16.0.30011.22
MinimumVisualStudioVersion = 10.0.40219.1
Project("{9A19103F-16F7-4668-BE54-9A1E7A4F7556}") = "Publisher", "Publisher\Publisher.csproj", "{DA249C9A-559F-4D41-9CEF-7AA17C5F0850}"
EndProject
Project("{9A19103F-16F7-4668-BE54-9A1E7A4F7556}") = "Common", "Common\Common.csproj", "{AF00439A-3404-47AE-8361-3C57BAA631A5}"
EndProject
Project("{FAE04EC0-301F-11D3-BF4B-00C04F79EFBC}") = "Brocker", "Brocker\Brocker.csproj", "{829B811E-F7AE-4216-BDFF-1CCB514A489A}"
EndProject
Project("{FAE04EC0-301F-11D3-BF4B-00C04F79EFBC}") = "Subscriber", "Subscriber\Subscriber.csproj", "{A4BDD3A7-98EF-4521-96A2-2FC45391BADA}"
EndProject
Global
	GlobalSection(SolutionConfigurationPlatforms) = preSolution
		Debug|Any CPU = Debug|Any CPU
		Release|Any CPU = Release|Any CPU
	EndGlobalSection
	GlobalSection(ProjectConfigurationPlatforms) = postSolution
		{DA249C9A-559F-4D41-9CEF-7AA17C5F0850}.Debug|Any CPU.ActiveCfg = Debug|Any CPU
		{DA249C9A-559F-4D41-9CEF-7AA17C5F0850}.Debug|Any CPU.Build.0 = Debug|Any CPU
		{DA249C9A-559F-4D41-9CEF-7AA17C5F0850}.Release|Any CPU.ActiveCfg = Release|Any CPU
		{DA249C9A-559F-4D41-9CEF-7AA17C5F0850}.Release|Any CPU.Build.0 = Release|Any CPU
		{AF00439A-3404-47AE-8361-3C57BAA631A5}.Debug|Any CPU.ActiveCfg = Debug|Any CPU
		{AF00439A-3404-47AE-8361-3C57BAA631A5}.Debug|Any CPU.Build.0 = Debug|Any CPU
		{AF00439A-3404-47AE-8361-3C57BAA631A5}.Release|Any CPU.ActiveCfg = Release|Any CPU
		{AF00439A-3404-47AE-8361-3C57BAA631A5}.Release|Any CPU.Build.0 = Release|Any CPU
		{829B811E-F7AE-4216-BDFF-1CCB514A489A}.Debug|Any CPU.ActiveCfg = Debug|Any CPU
		{829B811E-F7AE-4216-BDFF-1CCB514A489A}.Debug|Any CPU.Build.0 = Debug|Any CPU
		{829B811E-F7AE-4216-BDFF-1CCB514A489A}.Release|Any CPU.ActiveCfg = Release|Any CPU
		{829B811E-F7AE-4216-BDFF-1CCB514A489A}.Release|Any CPU.Build.0 = Release|Any CPU
		{A4BDD3A7-98EF-4521-96A2-2FC45391BADA}.Debug|Any CPU.ActiveCfg = Debug|Any CPU
		{A4BDD3A7-98EF-4521-96A2-2FC45391BADA}.Debug|Any CPU.Build.0 = Debug|Any CPU
		{A4BDD3A7-98EF-4521-96A2-2FC45391BADA}.Release|Any CPU.ActiveCfg = Release|Any CPU
		{A4BDD3A7-98EF-4521-96A2-2FC45391BADA}.Release|Any CPU.Build.0 = Release|Any CPU
	EndGlobalSection
	GlobalSection(SolutionProperties) = preSolution
		HideSolutionNode = FALSE
	EndGlobalSection
	GlobalSection(ExtensibilityGlobals) = postSolution
		SolutionGuid = {B4AAB293-A6CE-4198-B981-3D440F7FBA88}
	EndGlobalSection
EndGlobal
